
Microsoft Visual Studio Solution File, Format Version 12.00
# Visual Studio 15
VisualStudioVersion = 15.0.27004.2006
MinimumVisualStudioVersion = 10.0.40219.1
Project("{FAE04EC0-301F-11D3-BF4B-00C04F79EFBC}") = "ClassAndMethod", "ClassAndMethod\ClassAndMethod.csproj", "{11FBBB00-6BFD-4CD1-82CC-E3540F8105F0}"
EndProject
Global
	GlobalSection(SolutionConfigurationPlatforms) = preSolution
		Debug|Any CPU = Debug|Any CPU
		Release|Any CPU = Release|Any CPU
	EndGlobalSection
	GlobalSection(ProjectConfigurationPlatforms) = postSolution
		{11FBBB00-6BFD-4CD1-82CC-E3540F8105F0}.Debug|Any CPU.ActiveCfg = Debug|Any CPU
		{11FBBB00-6BFD-4CD1-82CC-E3540F8105F0}.Debug|Any CPU.Build.0 = Debug|Any CPU
		{11FBBB00-6BFD-4CD1-82CC-E3540F8105F0}.Release|Any CPU.ActiveCfg = Release|Any CPU
		{11FBBB00-6BFD-4CD1-82CC-E3540F8105F0}.Release|Any CPU.Build.0 = Release|Any CPU
	EndGlobalSection
	GlobalSection(SolutionProperties) = preSolution
		HideSolutionNode = FALSE
	EndGlobalSection
	GlobalSection(ExtensibilityGlobals) = postSolution
		SolutionGuid = {A184580F-6201-45E2-91B7-1A039F349369}
	EndGlobalSection
EndGlobal
